// !$*UTF8*$!
{
	archiveVersion = 1;
	classes = {
	};
	objectVersion = 50;
	objects = {

/* Begin PBXBuildFile section */
		2DAA8B3C242B824D00D682E0 /* AppDelegate.swift in Sources */ = {isa = PBXBuildFile; fileRef = 2DAA8B3B242B824D00D682E0 /* AppDelegate.swift */; };
		2DAA8B3E242B824D00D682E0 /* SceneDelegate.swift in Sources */ = {isa = PBXBuildFile; fileRef = 2DAA8B3D242B824D00D682E0 /* SceneDelegate.swift */; };
		2DAA8B40242B824D00D682E0 /* ContentView.swift in Sources */ = {isa = PBXBuildFile; fileRef = 2DAA8B3F242B824D00D682E0 /* ContentView.swift */; };
		2DAA8B42242B824E00D682E0 /* Assets.xcassets in Resources */ = {isa = PBXBuildFile; fileRef = 2DAA8B41242B824E00D682E0 /* Assets.xcassets */; };
		2DAA8B45242B824E00D682E0 /* Preview Assets.xcassets in Resources */ = {isa = PBXBuildFile; fileRef = 2DAA8B44242B824E00D682E0 /* Preview Assets.xcassets */; };
		2DAA8B48242B824E00D682E0 /* LaunchScreen.storyboard in Resources */ = {isa = PBXBuildFile; fileRef = 2DAA8B46242B824E00D682E0 /* LaunchScreen.storyboard */; };
		2DAA8B53242B824E00D682E0 /* BarChartCaloriesTests.swift in Sources */ = {isa = PBXBuildFile; fileRef = 2DAA8B52242B824E00D682E0 /* BarChartCaloriesTests.swift */; };
/* End PBXBuildFile section */

/* Begin PBXContainerItemProxy section */
		2DAA8B4F242B824E00D682E0 /* PBXContainerItemProxy */ = {
			isa = PBXContainerItemProxy;
			containerPortal = 2DAA8B30242B824D00D682E0 /* Project object */;
			proxyType = 1;
			remoteGlobalIDString = 2DAA8B37242B824D00D682E0;
			remoteInfo = BarChartCalories;
		};
/* End PBXContainerItemProxy section */

/* Begin PBXFileReference section */
		2DAA8B38242B824D00D682E0 /* BarChartCalories.app */ = {isa = PBXFileReference; explicitFileType = wrapper.application; includeInIndex = 0; path = BarChartCalories.app; sourceTree = BUILT_PRODUCTS_DIR; };
		2DAA8B3B242B824D00D682E0 /* AppDelegate.swift */ = {isa = PBXFileReference; lastKnownFileType = sourcecode.swift; path = AppDelegate.swift; sourceTree = "<group>"; };
		2DAA8B3D242B824D00D682E0 /* SceneDelegate.swift */ = {isa = PBXFileReference; lastKnownFileType = sourcecode.swift; path = SceneDelegate.swift; sourceTree = "<group>"; };
		2DAA8B3F242B824D00D682E0 /* ContentView.swift */ = {isa = PBXFileReference; lastKnownFileType = sourcecode.swift; path = ContentView.swift; sourceTree = "<group>"; };
		2DAA8B41242B824E00D682E0 /* Assets.xcassets */ = {isa = PBXFileReference; lastKnownFileType = folder.assetcatalog; path = Assets.xcassets; sourceTree = "<group>"; };
		2DAA8B44242B824E00D682E0 /* Preview Assets.xcassets */ = {isa = PBXFileReference; lastKnownFileType = folder.assetcatalog; path = "Preview Assets.xcassets"; sourceTree = "<group>"; };
		2DAA8B47242B824E00D682E0 /* Base */ = {isa = PBXFileReference; lastKnownFileType = file.storyboard; name = Base; path = Base.lproj/LaunchScreen.storyboard; sourceTree = "<group>"; };
		2DAA8B49242B824E00D682E0 /* Info.plist */ = {isa = PBXFileReference; lastKnownFileType = text.plist.xml; path = Info.plist; sourceTree = "<group>"; };
		2DAA8B4E242B824E00D682E0 /* BarChartCaloriesTests.xctest */ = {isa = PBXFileReference; explicitFileType = wrapper.cfbundle; includeInIndex = 0; path = BarChartCaloriesTests.xctest; sourceTree = BUILT_PRODUCTS_DIR; };
		2DAA8B52242B824E00D682E0 /* BarChartCaloriesTests.swift */ = {isa = PBXFileReference; lastKnownFileType = sourcecode.swift; path = BarChartCaloriesTests.swift; sourceTree = "<group>"; };
		2DAA8B54242B824E00D682E0 /* Info.plist */ = {isa = PBXFileReference; lastKnownFileType = text.plist.xml; path = Info.plist; sourceTree = "<group>"; };
/* End PBXFileReference section */

/* Begin PBXFrameworksBuildPhase section */
		2DAA8B35242B824D00D682E0 /* Frameworks */ = {
			isa = PBXFrameworksBuildPhase;
			buildActionMask = 2147483647;
			files = (
			);
			runOnlyForDeploymentPostprocessing = 0;
		};
		2DAA8B4B242B824E00D682E0 /* Frameworks */ = {
			isa = PBXFrameworksBuildPhase;
			buildActionMask = 2147483647;
			files = (
			);
			runOnlyForDeploymentPostprocessing = 0;
		};
/* End PBXFrameworksBuildPhase section */

/* Begin PBXGroup section */
		2DAA8B2F242B824D00D682E0 = {
			isa = PBXGroup;
			children = (
				2DAA8B3A242B824D00D682E0 /* BarChartCalories */,
				2DAA8B51242B824E00D682E0 /* BarChartCaloriesTests */,
				2DAA8B39242B824D00D682E0 /* Products */,
			);
			sourceTree = "<group>";
		};
		2DAA8B39242B824D00D682E0 /* Products */ = {
			isa = PBXGroup;
			children = (
				2DAA8B38242B824D00D682E0 /* BarChartCalories.app */,
				2DAA8B4E242B824E00D682E0 /* BarChartCaloriesTests.xctest */,
			);
			name = Products;
			sourceTree = "<group>";
		};
		2DAA8B3A242B824D00D682E0 /* BarChartCalories */ = {
			isa = PBXGroup;
			children = (
				2DAA8B3B242B824D00D682E0 /* AppDelegate.swift */,
				2DAA8B3D242B824D00D682E0 /* SceneDelegate.swift */,
				2DAA8B3F242B824D00D682E0 /* ContentView.swift */,
				2DAA8B41242B824E00D682E0 /* Assets.xcassets */,
				2DAA8B46242B824E00D682E0 /* LaunchScreen.storyboard */,
				2DAA8B49242B824E00D682E0 /* Info.plist */,
				2DAA8B43242B824E00D682E0 /* Preview Content */,
			);
			path = BarChartCalories;
			sourceTree = "<group>";
		};
		2DAA8B43242B824E00D682E0 /* Preview Content */ = {
			isa = PBXGroup;
			children = (
				2DAA8B44242B824E00D682E0 /* Preview Assets.xcassets */,
			);
			path = "Preview Content";
			sourceTree = "<group>";
		};
		2DAA8B51242B824E00D682E0 /* BarChartCaloriesTests */ = {
			isa = PBXGroup;
			children = (
				2DAA8B52242B824E00D682E0 /* BarChartCaloriesTests.swift */,
				2DAA8B54242B824E00D682E0 /* Info.plist */,
			);
			path = BarChartCaloriesTests;
			sourceTree = "<group>";
		};
/* End PBXGroup section */

/* Begin PBXNativeTarget section */
		2DAA8B37242B824D00D682E0 /* BarChartCalories */ = {
			isa = PBXNativeTarget;
			buildConfigurationList = 2DAA8B57242B824E00D682E0 /* Build configuration list for PBXNativeTarget "BarChartCalories" */;
			buildPhases = (
				2DAA8B34242B824D00D682E0 /* Sources */,
				2DAA8B35242B824D00D682E0 /* Frameworks */,
				2DAA8B36242B824D00D682E0 /* Resources */,
			);
			buildRules = (
			);
			dependencies = (
			);
			name = BarChartCalories;
			productName = BarChartCalories;
			productReference = 2DAA8B38242B824D00D682E0 /* BarChartCalories.app */;
			productType = "com.apple.product-type.application";
		};
		2DAA8B4D242B824E00D682E0 /* BarChartCaloriesTests */ = {
			isa = PBXNativeTarget;
			buildConfigurationList = 2DAA8B5A242B824E00D682E0 /* Build configuration list for PBXNativeTarget "BarChartCaloriesTests" */;
			buildPhases = (
				2DAA8B4A242B824E00D682E0 /* Sources */,
				2DAA8B4B242B824E00D682E0 /* Frameworks */,
				2DAA8B4C242B824E00D682E0 /* Resources */,
			);
			buildRules = (
			);
			dependencies = (
				2DAA8B50242B824E00D682E0 /* PBXTargetDependency */,
			);
			name = BarChartCaloriesTests;
			productName = BarChartCaloriesTests;
			productReference = 2DAA8B4E242B824E00D682E0 /* BarChartCaloriesTests.xctest */;
			productType = "com.apple.product-type.bundle.unit-test";
		};
/* End PBXNativeTarget section */

/* Begin PBXProject section */
		2DAA8B30242B824D00D682E0 /* Project object */ = {
			isa = PBXProject;
			attributes = {
				LastSwiftUpdateCheck = 1130;
				LastUpgradeCheck = 1130;
				ORGANIZATIONNAME = "Christian Leovido";
				TargetAttributes = {
					2DAA8B37242B824D00D682E0 = {
						CreatedOnToolsVersion = 11.3.1;
					};
					2DAA8B4D242B824E00D682E0 = {
						CreatedOnToolsVersion = 11.3.1;
						TestTargetID = 2DAA8B37242B824D00D682E0;
					};
				};
			};
			buildConfigurationList = 2DAA8B33242B824D00D682E0 /* Build configuration list for PBXProject "BarChartCalories" */;
			compatibilityVersion = "Xcode 9.3";
			developmentRegion = en;
			hasScannedForEncodings = 0;
			knownRegions = (
				en,
				Base,
			);
			mainGroup = 2DAA8B2F242B824D00D682E0;
			productRefGroup = 2DAA8B39242B824D00D682E0 /* Products */;
			projectDirPath = "";
			projectRoot = "";
			targets = (
				2DAA8B37242B824D00D682E0 /* BarChartCalories */,
				2DAA8B4D242B824E00D682E0 /* BarChartCaloriesTests */,
			);
		};
/* End PBXProject section */

/* Begin PBXResourcesBuildPhase section */
		2DAA8B36242B824D00D682E0 /* Resources */ = {
			isa = PBXResourcesBuildPhase;
			buildActionMask = 2147483647;
			files = (
				2DAA8B48242B824E00D682E0 /* LaunchScreen.storyboard in Resources */,
				2DAA8B45242B824E00D682E0 /* Preview Assets.xcassets in Resources */,
				2DAA8B42242B824E00D682E0 /* Assets.xcassets in Resources */,
			);
			runOnlyForDeploymentPostprocessing = 0;
		};
		2DAA8B4C242B824E00D682E0 /* Resources */ = {
			isa = PBXResourcesBuildPhase;
			buildActionMask = 2147483647;
			files = (
			);
			runOnlyForDeploymentPostprocessing = 0;
		};
/* End PBXResourcesBuildPhase section */

/* Begin PBXSourcesBuildPhase section */
		2DAA8B34242B824D00D682E0 /* Sources */ = {
			isa = PBXSourcesBuildPhase;
			buildActionMask = 2147483647;
			files = (
				2DAA8B3C242B824D00D682E0 /* AppDelegate.swift in Sources */,
				2DAA8B3E242B824D00D682E0 /* SceneDelegate.swift in Sources */,
				2DAA8B40242B824D00D682E0 /* ContentView.swift in Sources */,
			);
			runOnlyForDeploymentPostprocessing = 0;
		};
		2DAA8B4A242B824E00D682E0 /* Sources */ = {
			isa = PBXSourcesBuildPhase;
			buildActionMask = 2147483647;
			files = (
				2DAA8B53242B824E00D682E0 /* BarChartCaloriesTests.swift in Sources */,
			);
			runOnlyForDeploymentPostprocessing = 0;
		};
/* End PBXSourcesBuildPhase section */

/* Begin PBXTargetDependency section */
		2DAA8B50242B824E00D682E0 /* PBXTargetDependency */ = {
			isa = PBXTargetDependency;
			target = 2DAA8B37242B824D00D682E0 /* BarChartCalories */;
			targetProxy = 2DAA8B4F242B824E00D682E0 /* PBXContainerItemProxy */;
		};
/* End PBXTargetDependency section */

/* Begin PBXVariantGroup section */
		2DAA8B46242B824E00D682E0 /* LaunchScreen.storyboard */ = {
			isa = PBXVariantGroup;
			children = (
				2DAA8B47242B824E00D682E0 /* Base */,
			);
			name = LaunchScreen.storyboard;
			sourceTree = "<group>";
		};
/* End PBXVariantGroup section */

/* Begin XCBuildConfiguration section */
		2DAA8B55242B824E00D682E0 /* Debug */ = {
			isa = XCBuildConfiguration;
			buildSettings = {
				ALWAYS_SEARCH_USER_PATHS = NO;
				CLANG_ANALYZER_NONNULL = YES;
				CLANG_ANALYZER_NUMBER_OBJECT_CONVERSION = YES_AGGRESSIVE;
				CLANG_CXX_LANGUAGE_STANDARD = "gnu++14";
				CLANG_CXX_LIBRARY = "libc++";
				CLANG_ENABLE_MODULES = YES;
				CLANG_ENABLE_OBJC_ARC = YES;
				CLANG_ENABLE_OBJC_WEAK = YES;
				CLANG_WARN_BLOCK_CAPTURE_AUTORELEASING = YES;
				CLANG_WARN_BOOL_CONVERSION = YES;
				CLANG_WARN_COMMA = YES;
				CLANG_WARN_CONSTANT_CONVERSION = YES;
				CLANG_WARN_DEPRECATED_OBJC_IMPLEMENTATIONS = YES;
				CLANG_WARN_DIRECT_OBJC_ISA_USAGE = YES_ERROR;
				CLANG_WARN_DOCUMENTATION_COMMENTS = YES;
				CLANG_WARN_EMPTY_BODY = YES;
				CLANG_WARN_ENUM_CONVERSION = YES;
				CLANG_WARN_INFINITE_RECURSION = YES;
				CLANG_WARN_INT_CONVERSION = YES;
				CLANG_WARN_NON_LITERAL_NULL_CONVERSION = YES;
				CLANG_WARN_OBJC_IMPLICIT_RETAIN_SELF = YES;
				CLANG_WARN_OBJC_LITERAL_CONVERSION = YES;
				CLANG_WARN_OBJC_ROOT_CLASS = YES_ERROR;
				CLANG_WARN_RANGE_LOOP_ANALYSIS = YES;
				CLANG_WARN_STRICT_PROTOTYPES = YES;
				CLANG_WARN_SUSPICIOUS_MOVE = YES;
				CLANG_WARN_UNGUARDED_AVAILABILITY = YES_AGGRESSIVE;
				CLANG_WARN_UNREACHABLE_CODE = YES;
				CLANG_WARN__DUPLICATE_METHOD_MATCH = YES;
				COPY_PHASE_STRIP = NO;
				DEBUG_INFORMATION_FORMAT = dwarf;
				ENABLE_STRICT_OBJC_MSGSEND = YES;
				ENABLE_TESTABILITY = YES;
				GCC_C_LANGUAGE_STANDARD = gnu11;
				GCC_DYNAMIC_NO_PIC = NO;
				GCC_NO_COMMON_BLOCKS = YES;
				GCC_OPTIMIZATION_LEVEL = 0;
				GCC_PREPROCESSOR_DEFINITIONS = (
					"DEBUG=1",
					"$(inherited)",
				);
				GCC_WARN_64_TO_32_BIT_CONVERSION = YES;
				GCC_WARN_ABOUT_RETURN_TYPE = YES_ERROR;
				GCC_WARN_UNDECLARED_SELECTOR = YES;
				GCC_WARN_UNINITIALIZED_AUTOS = YES_AGGRESSIVE;
				GCC_WARN_UNUSED_FUNCTION = YES;
				GCC_WARN_UNUSED_VARIABLE = YES;
				IPHONEOS_DEPLOYMENT_TARGET = 13.2;
				MTL_ENABLE_DEBUG_INFO = INCLUDE_SOURCE;
				MTL_FAST_MATH = YES;
				ONLY_ACTIVE_ARCH = YES;
				SDKROOT = iphoneos;
				SWIFT_ACTIVE_COMPILATION_CONDITIONS = DEBUG;
				SWIFT_OPTIMIZATION_LEVEL = "-Onone";
			};
			name = Debug;
		};
		2DAA8B56242B824E00D682E0 /* Release */ = {
			isa = XCBuildConfiguration;
			buildSettings = {
				ALWAYS_SEARCH_USER_PATHS = NO;
				CLANG_ANALYZER_NONNULL = YES;
				CLANG_ANALYZER_NUMBER_OBJECT_CONVERSION = YES_AGGRESSIVE;
				CLANG_CXX_LANGUAGE_STANDARD = "gnu++14";
				CLANG_CXX_LIBRARY = "libc++";
				CLANG_ENABLE_MODULES = YES;
				CLANG_ENABLE_OBJC_ARC = YES;
				CLANG_ENABLE_OBJC_WEAK = YES;
				CLANG_WARN_BLOCK_CAPTURE_AUTORELEASING = YES;
				CLANG_WARN_BOOL_CONVERSION = YES;
				CLANG_WARN_COMMA = YES;
				CLANG_WARN_CONSTANT_CONVERSION = YES;
				CLANG_WARN_DEPRECATED_OBJC_IMPLEMENTATIONS = YES;
				CLANG_WARN_DIRECT_OBJC_ISA_USAGE = YES_ERROR;
				CLANG_WARN_DOCUMENTATION_COMMENTS = YES;
				CLANG_WARN_EMPTY_BODY = YES;
				CLANG_WARN_ENUM_CONVERSION = YES;
				CLANG_WARN_INFINITE_RECURSION = YES;
				CLANG_WARN_INT_CONVERSION = YES;
				CLANG_WARN_NON_LITERAL_NULL_CONVERSION = YES;
				CLANG_WARN_OBJC_IMPLICIT_RETAIN_SELF = YES;
				CLANG_WARN_OBJC_LITERAL_CONVERSION = YES;
				CLANG_WARN_OBJC_ROOT_CLASS = YES_ERROR;
				CLANG_WARN_RANGE_LOOP_ANALYSIS = YES;
				CLANG_WARN_STRICT_PROTOTYPES = YES;
				CLANG_WARN_SUSPICIOUS_MOVE = YES;
				CLANG_WARN_UNGUARDED_AVAILABILITY = YES_AGGRESSIVE;
				CLANG_WARN_UNREACHABLE_CODE = YES;
				CLANG_WARN__DUPLICATE_METHOD_MATCH = YES;
				COPY_PHASE_STRIP = NO;
				DEBUG_INFORMATION_FORMAT = "dwarf-with-dsym";
				ENABLE_NS_ASSERTIONS = NO;
				ENABLE_STRICT_OBJC_MSGSEND = YES;
				GCC_C_LANGUAGE_STANDARD = gnu11;
				GCC_NO_COMMON_BLOCKS = YES;
				GCC_WARN_64_TO_32_BIT_CONVERSION = YES;
				GCC_WARN_ABOUT_RETURN_TYPE = YES_ERROR;
				GCC_WARN_UNDECLARED_SELECTOR = YES;
				GCC_WARN_UNINITIALIZED_AUTOS = YES_AGGRESSIVE;
				GCC_WARN_UNUSED_FUNCTION = YES;
				GCC_WARN_UNUSED_VARIABLE = YES;
				IPHONEOS_DEPLOYMENT_TARGET = 13.2;
				MTL_ENABLE_DEBUG_INFO = NO;
				MTL_FAST_MATH = YES;
				SDKROOT = iphoneos;
				SWIFT_COMPILATION_MODE = wholemodule;
				SWIFT_OPTIMIZATION_LEVEL = "-O";
				VALIDATE_PRODUCT = YES;
			};
			name = Release;
		};
		2DAA8B58242B824E00D682E0 /* Debug */ = {
			isa = XCBuildConfiguration;
			buildSettings = {
				ASSETCATALOG_COMPILER_APPICON_NAME = AppIcon;
				CODE_SIGN_STYLE = Automatic;
				DEVELOPMENT_ASSET_PATHS = "\"BarChartCalories/Preview Content\"";
				DEVELOPMENT_TEAM = 7FFBU6H3CE;
				ENABLE_PREVIEWS = YES;
				INFOPLIST_FILE = BarChartCalories/Info.plist;
				LD_RUNPATH_SEARCH_PATHS = (
					"$(inherited)",
					"@executable_path/Frameworks",
				);
				PRODUCT_BUNDLE_IDENTIFIER = christianleovido.BarChartCalories;
				PRODUCT_NAME = "$(TARGET_NAME)";
				SWIFT_VERSION = 5.0;
				TARGETED_DEVICE_FAMILY = "1,2";
			};
			name = Debug;
		};
		2DAA8B59242B824E00D682E0 /* Release */ = {
			isa = XCBuildConfiguration;
			buildSettings = {
				ASSETCATALOG_COMPILER_APPICON_NAME = AppIcon;
				CODE_SIGN_STYLE = Automatic;
				DEVELOPMENT_ASSET_PATHS = "\"BarChartCalories/Preview Content\"";
				DEVELOPMENT_TEAM = 7FFBU6H3CE;
				ENABLE_PREVIEWS = YES;
				INFOPLIST_FILE = BarChartCalories/Info.plist;
				LD_RUNPATH_SEARCH_PATHS = (
					"$(inherited)",
					"@executable_path/Frameworks",
				);
				PRODUCT_BUNDLE_IDENTIFIER = christianleovido.BarChartCalories;
				PRODUCT_NAME = "$(TARGET_NAME)";
				SWIFT_VERSION = 5.0;
				TARGETED_DEVICE_FAMILY = "1,2";
			};
			name = Release;
		};
		2DAA8B5B242B824E00D682E0 /* Debug */ = {
			isa = XCBuildConfiguration;
			buildSettings = {
				ALWAYS_EMBED_SWIFT_STANDARD_LIBRARIES = YES;
				BUNDLE_LOADER = "$(TEST_HOST)";
				CODE_SIGN_STYLE = Automatic;
				DEVELOPMENT_TEAM = 7FFBU6H3CE;
				INFOPLIST_FILE = BarChartCaloriesTests/Info.plist;
				IPHONEOS_DEPLOYMENT_TARGET = 13.2;
				LD_RUNPATH_SEARCH_PATHS = (
					"$(inherited)",
					"@executable_path/Frameworks",
					"@loader_path/Frameworks",
				);
				PRODUCT_BUNDLE_IDENTIFIER = christianleovido.BarChartCaloriesTests;
				PRODUCT_NAME = "$(TARGET_NAME)";
				SWIFT_VERSION = 5.0;
				TARGETED_DEVICE_FAMILY = "1,2";
				TEST_HOST = "$(BUILT_PRODUCTS_DIR)/BarChartCalories.app/BarChartCalories";
			};
			name = Debug;
		};
		2DAA8B5C242B824E00D682E0 /* Release */ = {
			isa = XCBuildConfiguration;
			buildSettings = {
				ALWAYS_EMBED_SWIFT_STANDARD_LIBRARIES = YES;
				BUNDLE_LOADER = "$(TEST_HOST)";
				CODE_SIGN_STYLE = Automatic;
				DEVELOPMENT_TEAM = 7FFBU6H3CE;
				INFOPLIST_FILE = BarChartCaloriesTests/Info.plist;
				IPHONEOS_DEPLOYMENT_TARGET = 13.2;
				LD_RUNPATH_SEARCH_PATHS = (
					"$(inherited)",
					"@executable_path/Frameworks",
					"@loader_path/Frameworks",
				);
				PRODUCT_BUNDLE_IDENTIFIER = christianleovido.BarChartCaloriesTests;
				PRODUCT_NAME = "$(TARGET_NAME)";
				SWIFT_VERSION = 5.0;
				TARGETED_DEVICE_FAMILY = "1,2";
				TEST_HOST = "$(BUILT_PRODUCTS_DIR)/BarChartCalories.app/BarChartCalories";
			};
			name = Release;
		};
/* End XCBuildConfiguration section */

/* Begin XCConfigurationList section */
		2DAA8B33242B824D00D682E0 /* Build configuration list for PBXProject "BarChartCalories" */ = {
			isa = XCConfigurationList;
			buildConfigurations = (
				2DAA8B55242B824E00D682E0 /* Debug */,
				2DAA8B56242B824E00D682E0 /* Release */,
			);
			defaultConfigurationIsVisible = 0;
			defaultConfigurationName = Release;
		};
		2DAA8B57242B824E00D682E0 /* Build configuration list for PBXNativeTarget "BarChartCalories" */ = {
			isa = XCConfigurationList;
			buildConfigurations = (
				2DAA8B58242B824E00D682E0 /* Debug */,
				2DAA8B59242B824E00D682E0 /* Release */,
			);
			defaultConfigurationIsVisible = 0;
			defaultConfigurationName = Release;
		};
		2DAA8B5A242B824E00D682E0 /* Build configuration list for PBXNativeTarget "BarChartCaloriesTests" */ = {
			isa = XCConfigurationList;
			buildConfigurations = (
				2DAA8B5B242B824E00D682E0 /* Debug */,
				2DAA8B5C242B824E00D682E0 /* Release */,
			);
			defaultConfigurationIsVisible = 0;
			defaultConfigurationName = Release;
		};
/* End XCConfigurationList section */
	};
	rootObject = 2DAA8B30242B824D00D682E0 /* Project object */;
}
